
Microsoft Visual Studio Solution File, Format Version 12.00
# Visual Studio Version 16
VisualStudioVersion = 16.0.32228.343
MinimumVisualStudioVersion = 10.0.40219.1
Project("{2150E333-8FDC-42A3-9474-1A3956D46DE8}") = "Chapter02", "Chapter02", "{4F2D82F4-B474-4CA4-A44E-E782BE1CA5A3}"
EndProject
Project("{FAE04EC0-301F-11D3-BF4B-00C04F79EFBC}") = "DistanceConverter", "Chapter02\DistanceConverter\DistanceConverter.csproj", "{BD8E868D-A797-4012-9249-DD9AED1A9E66}"
EndProject
Project("{FAE04EC0-301F-11D3-BF4B-00C04F79EFBC}") = "SalesCalculator", "Chapter02\SalesCalculator\SalesCalculator.csproj", "{2B66D01E-F78B-4819-9984-06A010ADB30A}"
EndProject
Project("{FAE04EC0-301F-11D3-BF4B-00C04F79EFBC}") = "Exercise", "Chapter02\Exercise\Exercise.csproj", "{4BC85907-F039-4C81-BB46-A7E398EF77F8}"
EndProject
Project("{FAE04EC0-301F-11D3-BF4B-00C04F79EFBC}") = "Exercise02", "Chapter02\Exercise02\Exercise02.csproj", "{9B005AC6-C2E7-4CB1-BD1C-F915B81FD57A}"
EndProject
Project("{FAE04EC0-301F-11D3-BF4B-00C04F79EFBC}") = "Exercise03", "Chapter02\Exercise03\Exercise03.csproj", "{E7AD4594-B797-4CB8-858E-1F6C1F68CF0A}"
EndProject
Project("{2150E333-8FDC-42A3-9474-1A3956D46DE8}") = "Chapter03", "Chapter03", "{1A70B861-2294-4AF3-9DF6-86270A513224}"
EndProject
Project("{FAE04EC0-301F-11D3-BF4B-00C04F79EFBC}") = "Section01", "Chapter03\Section01\Section01.csproj", "{E70E97C1-EC3B-4FD2-A904-113682285DD4}"
EndProject
Project("{FAE04EC0-301F-11D3-BF4B-00C04F79EFBC}") = "Exercise01", "Chapter03\Exercise01\Exercise01.csproj", "{07080147-02E3-49F5-89F9-3D96E813DC20}"
EndProject
Project("{FAE04EC0-301F-11D3-BF4B-00C04F79EFBC}") = "Section04", "Chapter03\Section04\Section04.csproj", "{4E345AAE-A0A3-47E1-A4E6-D681873AFBDC}"
EndProject
Project("{FAE04EC0-301F-11D3-BF4B-00C04F79EFBC}") = "Exercise02", "Chapter03\Exercise02\Exercise02.csproj", "{790F301D-EE95-4CD7-B124-567671B4AE9F}"
EndProject
Project("{2150E333-8FDC-42A3-9474-1A3956D46DE8}") = "Chapter04", "Chapter04", "{734FDDA7-6456-4045-8056-FC746185DC74}"
EndProject
Project("{FAE04EC0-301F-11D3-BF4B-00C04F79EFBC}") = "Execise01", "Chapter04\Execise01\Execise01.csproj", "{B261A0E6-E13B-403C-AA29-F0D3433401B9}"
EndProject
Project("{FAE04EC0-301F-11D3-BF4B-00C04F79EFBC}") = "Exercise02", "Chapter04\Execise02\Exercise02.csproj", "{15552D9F-BCDF-4100-BEC6-5C693C542B74}"
EndProject
Project("{2150E333-8FDC-42A3-9474-1A3956D46DE8}") = "Chapter05", "Chapter05", "{F69C4579-01FB-4AD9-97FD-4D6218EBA3BA}"
EndProject
Project("{FAE04EC0-301F-11D3-BF4B-00C04F79EFBC}") = "Exercise01", "Chapter05\Exercise01\Exercise01.csproj", "{E73C18A3-DEBF-4873-B702-24B2C2783943}"
EndProject
Project("{FAE04EC0-301F-11D3-BF4B-00C04F79EFBC}") = "Exercise02", "Chapter05\Exercise02\Exercise02.csproj", "{61C283B8-4C87-49D3-ADF0-DC29C33D1720}"
EndProject
Project("{FAE04EC0-301F-11D3-BF4B-00C04F79EFBC}") = "Exercise03", "Chapter05\Exercise03\Exercise03.csproj", "{1642C8E7-DF90-4F60-83E2-C9083B9B84E0}"
EndProject
Project("{FAE04EC0-301F-11D3-BF4B-00C04F79EFBC}") = "Exercise04", "Chapter05\Exercise04\Exercise04.csproj", "{3EE0FF1B-37E8-49BE-A2E8-A4CFA18A7D37}"
EndProject
Project("{2150E333-8FDC-42A3-9474-1A3956D46DE8}") = "Chapter06", "Chapter06", "{A03CA33A-AB24-4E5E-AD1E-BC66D546D1A3}"
EndProject
Project("{FAE04EC0-301F-11D3-BF4B-00C04F79EFBC}") = "Exercise01", "Chapter06\Exercise01\Exercise01.csproj", "{8D503B76-A850-4B30-8D81-D1BC56AAAF12}"
EndProject
Project("{FAE04EC0-301F-11D3-BF4B-00C04F79EFBC}") = "Exercise02", "Chapter06\Exercise02\Exercise02.csproj", "{92A3DF2A-28ED-4E0B-8697-1AB0F34D5A56}"
EndProject
Project("{2150E333-8FDC-42A3-9474-1A3956D46DE8}") = "FormAppSample", "FormAppSample", "{2FC49878-0E09-4992-A84F-976EEB91DD56}"
EndProject
Project("{FAE04EC0-301F-11D3-BF4B-00C04F79EFBC}") = "Sample0603", "FormAppSample\Sample0603\Sample0603.csproj", "{2623848B-C4D4-440E-8312-FA88A7140F88}"
EndProject
Project("{FAE04EC0-301F-11D3-BF4B-00C04F79EFBC}") = "Sample0607", "FormAppSample\Sample0607\Sample0607.csproj", "{A4476090-4CD6-4795-8063-3BD919D9E98C}"
EndProject
Project("{FAE04EC0-301F-11D3-BF4B-00C04F79EFBC}") = "NumberGame", "FormAppSample\NumberGame\NumberGame.csproj", "{CF2F7852-766E-47A7-9B45-9DB356E73048}"
EndProject
Project("{FAE04EC0-301F-11D3-BF4B-00C04F79EFBC}") = "AddressBook", "FormAppSample\AddressBook\AddressBook.csproj", "{EA382A27-743E-4E50-AACB-502E2AB99163}"
EndProject
Project("{2150E333-8FDC-42A3-9474-1A3956D46DE8}") = "Test202206", "Test202206", "{F8539FBB-C0A2-4FC3-BD5D-804B3B0012DF}"
EndProject
Project("{FAE04EC0-301F-11D3-BF4B-00C04F79EFBC}") = "Test01", "Test202206\TestProject\Test01\Test01.csproj", "{2BFACDC3-F44D-4199-8498-F5C3C4AC0335}"
EndProject
Project("{FAE04EC0-301F-11D3-BF4B-00C04F79EFBC}") = "Test02", "Test202206\TestProject\Test02\Test02.csproj", "{E461C0A8-8900-485C-B520-E929BA33F712}"
EndProject
Project("{2150E333-8FDC-42A3-9474-1A3956D46DE8}") = "Chapter11", "Chapter11", "{AECB3B5D-AD04-425B-8964-A21A66D9B828}"
EndProject
Project("{FAE04EC0-301F-11D3-BF4B-00C04F79EFBC}") = "XmlSample", "Chapter11\XmlSample\XmlSample.csproj", "{8F736220-C9C9-440A-ADF6-AF7F97C86800}"
EndProject
Project("{FAE04EC0-301F-11D3-BF4B-00C04F79EFBC}") = "RssReader", "Chapter11\RssReader\RssReader.csproj", "{899E6843-F3E2-48DF-A0B8-F51953F5F76B}"
EndProject
Project("{FAE04EC0-301F-11D3-BF4B-00C04F79EFBC}") = "Exercise1", "Chapter11\Exercise1\Exercise1.csproj", "{4BD3E364-88DD-46AB-90F8-4BD1A26E16AF}"
EndProject
Project("{2150E333-8FDC-42A3-9474-1A3956D46DE8}") = "Chapter12", "Chapter12", "{F6F111FB-88EE-4CDD-9BFC-ADFED7AB9373}"
EndProject
Project("{FAE04EC0-301F-11D3-BF4B-00C04F79EFBC}") = "Section01", "Chapter12\Section01\Section01.csproj", "{5F0006ED-D3BF-4B4E-93D8-A5F041FFF99F}"
EndProject
Project("{FAE04EC0-301F-11D3-BF4B-00C04F79EFBC}") = "Section02", "Chapter12\Section02\Section02.csproj", "{F081FB93-8112-4F11-971D-29A39D242091}"
EndProject
Project("{FAE04EC0-301F-11D3-BF4B-00C04F79EFBC}") = "Exercise01", "Chapter12\Exercise01\Exercise01.csproj", "{90BD8816-8081-4C25-8AF5-C47917FE573E}"
EndProject
Project("{FAE04EC0-301F-11D3-BF4B-00C04F79EFBC}") = "Exercise02", "Chapter12\Exercise02\Exercise02.csproj", "{670FC898-BAB7-493D-A7D7-0CF2F8C6DEDC}"
EndProject
Project("{2150E333-8FDC-42A3-9474-1A3956D46DE8}") = "CarReportSystem", "CarReportSystem", "{5D47225A-2829-4F8D-BD15-37021B3E39FC}"
EndProject
Project("{FAE04EC0-301F-11D3-BF4B-00C04F79EFBC}") = "CarReportSystem", "CarReportSystem\CarReportSystem\CarReportSystem.csproj", "{9253D131-8AC6-4A13-B528-AAA8193F3004}"
EndProject
Project("{2150E333-8FDC-42A3-9474-1A3956D46DE8}") = "DesignPattern", "DesignPattern", "{B1020933-8059-47AE-810B-B2111FEAF960}"
EndProject
Project("{FAE04EC0-301F-11D3-BF4B-00C04F79EFBC}") = "SingletonSample", "DesignPattern\SingletonSample\SingletonSample.csproj", "{889DB3BC-ECDE-4DBD-A615-D19684922B17}"
EndProject
Project("{2150E333-8FDC-42A3-9474-1A3956D46DE8}") = "Chapter17", "Chapter17", "{C7F55B9A-7BE2-49F4-89F7-8D8FEB6B487F}"
EndProject
Project("{FAE04EC0-301F-11D3-BF4B-00C04F79EFBC}") = "Section01", "Chapter17\Section01\Section01.csproj", "{E355371E-9CCD-4BAB-B9E5-243B2249EB7F}"
EndProject
Project("{2150E333-8FDC-42A3-9474-1A3956D46DE8}") = "TemplateMethod", "TemplateMethod", "{57AB8362-A88A-4F6C-8053-5BCAE02063E2}"
EndProject
Project("{FAE04EC0-301F-11D3-BF4B-00C04F79EFBC}") = "TextFileProcessor", "Chapter17\TemplateMethod\TextFileProcessor\TextFileProcessor.csproj", "{3D2F8712-3A57-4FA9-8F55-A1C8AED9015D}"
EndProject
Project("{FAE04EC0-301F-11D3-BF4B-00C04F79EFBC}") = "LineCounter", "Chapter17\TemplateMethod\LineCounter\LineCounter.csproj", "{C8E5DF45-AF85-410B-ABE3-0E07F76E2BFD}"
EndProject
Project("{FAE04EC0-301F-11D3-BF4B-00C04F79EFBC}") = "Exercise1", "Chapter17\Exercise1\Exercise1\Exercise1.csproj", "{6A68EB00-69BA-4396-927E-2A3C181D86B2}"
EndProject
Project("{2150E333-8FDC-42A3-9474-1A3956D46DE8}") = "Strategy", "Strategy", "{34C2A499-A053-4F90-8E08-DEA0582E6751}"
EndProject
Project("{FAE04EC0-301F-11D3-BF4B-00C04F79EFBC}") = "DistanceConverter", "Chapter17\Strategy\DistanceConverter\DistanceConverter.csproj", "{6AD3AC98-6B4E-4755-8D9C-F33FB3B2935A}"
EndProject
Project("{2150E333-8FDC-42A3-9474-1A3956D46DE8}") = "ADONET", "ADONET", "{3573626A-E838-404A-85C5-063562B2E277}"
EndProject
Project("{FAE04EC0-301F-11D3-BF4B-00C04F79EFBC}") = "DataBaseSample", "ADONET\DataBaseSample\DataBaseSample.csproj", "{09F10C88-D757-44C4-AFA2-15D38D10CA92}"
EndProject
Project("{FAE04EC0-301F-11D3-BF4B-00C04F79EFBC}") = "AdderessBook", "ADONET\AdderessBook\AdderessBook.csproj", "{CF8ACAF3-A00E-4552-94CC-23DDEAF198C0}"
EndProject
Global
	GlobalSection(SolutionConfigurationPlatforms) = preSolution
		Debug|Any CPU = Debug|Any CPU
		Release|Any CPU = Release|Any CPU
	EndGlobalSection
	GlobalSection(ProjectConfigurationPlatforms) = postSolution
		{BD8E868D-A797-4012-9249-DD9AED1A9E66}.Debug|Any CPU.ActiveCfg = Debug|Any CPU
		{BD8E868D-A797-4012-9249-DD9AED1A9E66}.Debug|Any CPU.Build.0 = Debug|Any CPU
		{BD8E868D-A797-4012-9249-DD9AED1A9E66}.Release|Any CPU.ActiveCfg = Release|Any CPU
		{BD8E868D-A797-4012-9249-DD9AED1A9E66}.Release|Any CPU.Build.0 = Release|Any CPU
		{2B66D01E-F78B-4819-9984-06A010ADB30A}.Debug|Any CPU.ActiveCfg = Debug|Any CPU
		{2B66D01E-F78B-4819-9984-06A010ADB30A}.Debug|Any CPU.Build.0 = Debug|Any CPU
		{2B66D01E-F78B-4819-9984-06A010ADB30A}.Release|Any CPU.ActiveCfg = Release|Any CPU
		{2B66D01E-F78B-4819-9984-06A010ADB30A}.Release|Any CPU.Build.0 = Release|Any CPU
		{4BC85907-F039-4C81-BB46-A7E398EF77F8}.Debug|Any CPU.ActiveCfg = Debug|Any CPU
		{4BC85907-F039-4C81-BB46-A7E398EF77F8}.Debug|Any CPU.Build.0 = Debug|Any CPU
		{4BC85907-F039-4C81-BB46-A7E398EF77F8}.Release|Any CPU.ActiveCfg = Release|Any CPU
		{4BC85907-F039-4C81-BB46-A7E398EF77F8}.Release|Any CPU.Build.0 = Release|Any CPU
		{9B005AC6-C2E7-4CB1-BD1C-F915B81FD57A}.Debug|Any CPU.ActiveCfg = Debug|Any CPU
		{9B005AC6-C2E7-4CB1-BD1C-F915B81FD57A}.Debug|Any CPU.Build.0 = Debug|Any CPU
		{9B005AC6-C2E7-4CB1-BD1C-F915B81FD57A}.Release|Any CPU.ActiveCfg = Release|Any CPU
		{9B005AC6-C2E7-4CB1-BD1C-F915B81FD57A}.Release|Any CPU.Build.0 = Release|Any CPU
		{E7AD4594-B797-4CB8-858E-1F6C1F68CF0A}.Debug|Any CPU.ActiveCfg = Debug|Any CPU
		{E7AD4594-B797-4CB8-858E-1F6C1F68CF0A}.Debug|Any CPU.Build.0 = Debug|Any CPU
		{E7AD4594-B797-4CB8-858E-1F6C1F68CF0A}.Release|Any CPU.ActiveCfg = Release|Any CPU
		{E7AD4594-B797-4CB8-858E-1F6C1F68CF0A}.Release|Any CPU.Build.0 = Release|Any CPU
		{E70E97C1-EC3B-4FD2-A904-113682285DD4}.Debug|Any CPU.ActiveCfg = Debug|Any CPU
		{E70E97C1-EC3B-4FD2-A904-113682285DD4}.Debug|Any CPU.Build.0 = Debug|Any CPU
		{E70E97C1-EC3B-4FD2-A904-113682285DD4}.Release|Any CPU.ActiveCfg = Release|Any CPU
		{E70E97C1-EC3B-4FD2-A904-113682285DD4}.Release|Any CPU.Build.0 = Release|Any CPU
		{07080147-02E3-49F5-89F9-3D96E813DC20}.Debug|Any CPU.ActiveCfg = Debug|Any CPU
		{07080147-02E3-49F5-89F9-3D96E813DC20}.Debug|Any CPU.Build.0 = Debug|Any CPU
		{07080147-02E3-49F5-89F9-3D96E813DC20}.Release|Any CPU.ActiveCfg = Release|Any CPU
		{07080147-02E3-49F5-89F9-3D96E813DC20}.Release|Any CPU.Build.0 = Release|Any CPU
		{4E345AAE-A0A3-47E1-A4E6-D681873AFBDC}.Debug|Any CPU.ActiveCfg = Debug|Any CPU
		{4E345AAE-A0A3-47E1-A4E6-D681873AFBDC}.Debug|Any CPU.Build.0 = Debug|Any CPU
		{4E345AAE-A0A3-47E1-A4E6-D681873AFBDC}.Release|Any CPU.ActiveCfg = Release|Any CPU
		{4E345AAE-A0A3-47E1-A4E6-D681873AFBDC}.Release|Any CPU.Build.0 = Release|Any CPU
		{790F301D-EE95-4CD7-B124-567671B4AE9F}.Debug|Any CPU.ActiveCfg = Debug|Any CPU
		{790F301D-EE95-4CD7-B124-567671B4AE9F}.Debug|Any CPU.Build.0 = Debug|Any CPU
		{790F301D-EE95-4CD7-B124-567671B4AE9F}.Release|Any CPU.ActiveCfg = Release|Any CPU
		{790F301D-EE95-4CD7-B124-567671B4AE9F}.Release|Any CPU.Build.0 = Release|Any CPU
		{B261A0E6-E13B-403C-AA29-F0D3433401B9}.Debug|Any CPU.ActiveCfg = Debug|Any CPU
		{B261A0E6-E13B-403C-AA29-F0D3433401B9}.Debug|Any CPU.Build.0 = Debug|Any CPU
		{B261A0E6-E13B-403C-AA29-F0D3433401B9}.Release|Any CPU.ActiveCfg = Release|Any CPU
		{B261A0E6-E13B-403C-AA29-F0D3433401B9}.Release|Any CPU.Build.0 = Release|Any CPU
		{15552D9F-BCDF-4100-BEC6-5C693C542B74}.Debug|Any CPU.ActiveCfg = Debug|Any CPU
		{15552D9F-BCDF-4100-BEC6-5C693C542B74}.Debug|Any CPU.Build.0 = Debug|Any CPU
		{15552D9F-BCDF-4100-BEC6-5C693C542B74}.Release|Any CPU.ActiveCfg = Release|Any CPU
		{15552D9F-BCDF-4100-BEC6-5C693C542B74}.Release|Any CPU.Build.0 = Release|Any CPU
		{E73C18A3-DEBF-4873-B702-24B2C2783943}.Debug|Any CPU.ActiveCfg = Debug|Any CPU
		{E73C18A3-DEBF-4873-B702-24B2C2783943}.Debug|Any CPU.Build.0 = Debug|Any CPU
		{E73C18A3-DEBF-4873-B702-24B2C2783943}.Release|Any CPU.ActiveCfg = Release|Any CPU
		{E73C18A3-DEBF-4873-B702-24B2C2783943}.Release|Any CPU.Build.0 = Release|Any CPU
		{61C283B8-4C87-49D3-ADF0-DC29C33D1720}.Debug|Any CPU.ActiveCfg = Debug|Any CPU
		{61C283B8-4C87-49D3-ADF0-DC29C33D1720}.Debug|Any CPU.Build.0 = Debug|Any CPU
		{61C283B8-4C87-49D3-ADF0-DC29C33D1720}.Release|Any CPU.ActiveCfg = Release|Any CPU
		{61C283B8-4C87-49D3-ADF0-DC29C33D1720}.Release|Any CPU.Build.0 = Release|Any CPU
		{1642C8E7-DF90-4F60-83E2-C9083B9B84E0}.Debug|Any CPU.ActiveCfg = Debug|Any CPU
		{1642C8E7-DF90-4F60-83E2-C9083B9B84E0}.Debug|Any CPU.Build.0 = Debug|Any CPU
		{1642C8E7-DF90-4F60-83E2-C9083B9B84E0}.Release|Any CPU.ActiveCfg = Release|Any CPU
		{1642C8E7-DF90-4F60-83E2-C9083B9B84E0}.Release|Any CPU.Build.0 = Release|Any CPU
		{3EE0FF1B-37E8-49BE-A2E8-A4CFA18A7D37}.Debug|Any CPU.ActiveCfg = Debug|Any CPU
		{3EE0FF1B-37E8-49BE-A2E8-A4CFA18A7D37}.Debug|Any CPU.Build.0 = Debug|Any CPU
		{3EE0FF1B-37E8-49BE-A2E8-A4CFA18A7D37}.Release|Any CPU.ActiveCfg = Release|Any CPU
		{3EE0FF1B-37E8-49BE-A2E8-A4CFA18A7D37}.Release|Any CPU.Build.0 = Release|Any CPU
		{8D503B76-A850-4B30-8D81-D1BC56AAAF12}.Debug|Any CPU.ActiveCfg = Debug|Any CPU
		{8D503B76-A850-4B30-8D81-D1BC56AAAF12}.Debug|Any CPU.Build.0 = Debug|Any CPU
		{8D503B76-A850-4B30-8D81-D1BC56AAAF12}.Release|Any CPU.ActiveCfg = Release|Any CPU
		{8D503B76-A850-4B30-8D81-D1BC56AAAF12}.Release|Any CPU.Build.0 = Release|Any CPU
		{92A3DF2A-28ED-4E0B-8697-1AB0F34D5A56}.Debug|Any CPU.ActiveCfg = Debug|Any CPU
		{92A3DF2A-28ED-4E0B-8697-1AB0F34D5A56}.Debug|Any CPU.Build.0 = Debug|Any CPU
		{92A3DF2A-28ED-4E0B-8697-1AB0F34D5A56}.Release|Any CPU.ActiveCfg = Release|Any CPU
		{92A3DF2A-28ED-4E0B-8697-1AB0F34D5A56}.Release|Any CPU.Build.0 = Release|Any CPU
		{2623848B-C4D4-440E-8312-FA88A7140F88}.Debug|Any CPU.ActiveCfg = Debug|Any CPU
		{2623848B-C4D4-440E-8312-FA88A7140F88}.Debug|Any CPU.Build.0 = Debug|Any CPU
		{2623848B-C4D4-440E-8312-FA88A7140F88}.Release|Any CPU.ActiveCfg = Release|Any CPU
		{2623848B-C4D4-440E-8312-FA88A7140F88}.Release|Any CPU.Build.0 = Release|Any CPU
		{A4476090-4CD6-4795-8063-3BD919D9E98C}.Debug|Any CPU.ActiveCfg = Debug|Any CPU
		{A4476090-4CD6-4795-8063-3BD919D9E98C}.Debug|Any CPU.Build.0 = Debug|Any CPU
		{A4476090-4CD6-4795-8063-3BD919D9E98C}.Release|Any CPU.ActiveCfg = Release|Any CPU
		{A4476090-4CD6-4795-8063-3BD919D9E98C}.Release|Any CPU.Build.0 = Release|Any CPU
		{CF2F7852-766E-47A7-9B45-9DB356E73048}.Debug|Any CPU.ActiveCfg = Debug|Any CPU
		{CF2F7852-766E-47A7-9B45-9DB356E73048}.Debug|Any CPU.Build.0 = Debug|Any CPU
		{CF2F7852-766E-47A7-9B45-9DB356E73048}.Release|Any CPU.ActiveCfg = Release|Any CPU
		{CF2F7852-766E-47A7-9B45-9DB356E73048}.Release|Any CPU.Build.0 = Release|Any CPU
		{EA382A27-743E-4E50-AACB-502E2AB99163}.Debug|Any CPU.ActiveCfg = Debug|Any CPU
		{EA382A27-743E-4E50-AACB-502E2AB99163}.Debug|Any CPU.Build.0 = Debug|Any CPU
		{EA382A27-743E-4E50-AACB-502E2AB99163}.Release|Any CPU.ActiveCfg = Release|Any CPU
		{EA382A27-743E-4E50-AACB-502E2AB99163}.Release|Any CPU.Build.0 = Release|Any CPU
		{2BFACDC3-F44D-4199-8498-F5C3C4AC0335}.Debug|Any CPU.ActiveCfg = Debug|Any CPU
		{2BFACDC3-F44D-4199-8498-F5C3C4AC0335}.Debug|Any CPU.Build.0 = Debug|Any CPU
		{2BFACDC3-F44D-4199-8498-F5C3C4AC0335}.Release|Any CPU.ActiveCfg = Release|Any CPU
		{2BFACDC3-F44D-4199-8498-F5C3C4AC0335}.Release|Any CPU.Build.0 = Release|Any CPU
		{E461C0A8-8900-485C-B520-E929BA33F712}.Debug|Any CPU.ActiveCfg = Debug|Any CPU
		{E461C0A8-8900-485C-B520-E929BA33F712}.Debug|Any CPU.Build.0 = Debug|Any CPU
		{E461C0A8-8900-485C-B520-E929BA33F712}.Release|Any CPU.ActiveCfg = Release|Any CPU
		{E461C0A8-8900-485C-B520-E929BA33F712}.Release|Any CPU.Build.0 = Release|Any CPU
		{8F736220-C9C9-440A-ADF6-AF7F97C86800}.Debug|Any CPU.ActiveCfg = Debug|Any CPU
		{8F736220-C9C9-440A-ADF6-AF7F97C86800}.Debug|Any CPU.Build.0 = Debug|Any CPU
		{8F736220-C9C9-440A-ADF6-AF7F97C86800}.Release|Any CPU.ActiveCfg = Release|Any CPU
		{8F736220-C9C9-440A-ADF6-AF7F97C86800}.Release|Any CPU.Build.0 = Release|Any CPU
		{899E6843-F3E2-48DF-A0B8-F51953F5F76B}.Debug|Any CPU.ActiveCfg = Debug|Any CPU
		{899E6843-F3E2-48DF-A0B8-F51953F5F76B}.Debug|Any CPU.Build.0 = Debug|Any CPU
		{899E6843-F3E2-48DF-A0B8-F51953F5F76B}.Release|Any CPU.ActiveCfg = Release|Any CPU
		{899E6843-F3E2-48DF-A0B8-F51953F5F76B}.Release|Any CPU.Build.0 = Release|Any CPU
		{4BD3E364-88DD-46AB-90F8-4BD1A26E16AF}.Debug|Any CPU.ActiveCfg = Debug|Any CPU
		{4BD3E364-88DD-46AB-90F8-4BD1A26E16AF}.Debug|Any CPU.Build.0 = Debug|Any CPU
		{4BD3E364-88DD-46AB-90F8-4BD1A26E16AF}.Release|Any CPU.ActiveCfg = Release|Any CPU
		{4BD3E364-88DD-46AB-90F8-4BD1A26E16AF}.Release|Any CPU.Build.0 = Release|Any CPU
		{5F0006ED-D3BF-4B4E-93D8-A5F041FFF99F}.Debug|Any CPU.ActiveCfg = Debug|Any CPU
		{5F0006ED-D3BF-4B4E-93D8-A5F041FFF99F}.Debug|Any CPU.Build.0 = Debug|Any CPU
		{5F0006ED-D3BF-4B4E-93D8-A5F041FFF99F}.Release|Any CPU.ActiveCfg = Release|Any CPU
		{5F0006ED-D3BF-4B4E-93D8-A5F041FFF99F}.Release|Any CPU.Build.0 = Release|Any CPU
		{F081FB93-8112-4F11-971D-29A39D242091}.Debug|Any CPU.ActiveCfg = Debug|Any CPU
		{F081FB93-8112-4F11-971D-29A39D242091}.Debug|Any CPU.Build.0 = Debug|Any CPU
		{F081FB93-8112-4F11-971D-29A39D242091}.Release|Any CPU.ActiveCfg = Release|Any CPU
		{F081FB93-8112-4F11-971D-29A39D242091}.Release|Any CPU.Build.0 = Release|Any CPU
		{90BD8816-8081-4C25-8AF5-C47917FE573E}.Debug|Any CPU.ActiveCfg = Debug|Any CPU
		{90BD8816-8081-4C25-8AF5-C47917FE573E}.Debug|Any CPU.Build.0 = Debug|Any CPU
		{90BD8816-8081-4C25-8AF5-C47917FE573E}.Release|Any CPU.ActiveCfg = Release|Any CPU
		{90BD8816-8081-4C25-8AF5-C47917FE573E}.Release|Any CPU.Build.0 = Release|Any CPU
		{670FC898-BAB7-493D-A7D7-0CF2F8C6DEDC}.Debug|Any CPU.ActiveCfg = Debug|Any CPU
		{670FC898-BAB7-493D-A7D7-0CF2F8C6DEDC}.Debug|Any CPU.Build.0 = Debug|Any CPU
		{670FC898-BAB7-493D-A7D7-0CF2F8C6DEDC}.Release|Any CPU.ActiveCfg = Release|Any CPU
		{670FC898-BAB7-493D-A7D7-0CF2F8C6DEDC}.Release|Any CPU.Build.0 = Release|Any CPU
		{9253D131-8AC6-4A13-B528-AAA8193F3004}.Debug|Any CPU.ActiveCfg = Debug|Any CPU
		{9253D131-8AC6-4A13-B528-AAA8193F3004}.Debug|Any CPU.Build.0 = Debug|Any CPU
		{9253D131-8AC6-4A13-B528-AAA8193F3004}.Release|Any CPU.ActiveCfg = Release|Any CPU
		{9253D131-8AC6-4A13-B528-AAA8193F3004}.Release|Any CPU.Build.0 = Release|Any CPU
		{889DB3BC-ECDE-4DBD-A615-D19684922B17}.Debug|Any CPU.ActiveCfg = Debug|Any CPU
		{889DB3BC-ECDE-4DBD-A615-D19684922B17}.Debug|Any CPU.Build.0 = Debug|Any CPU
		{889DB3BC-ECDE-4DBD-A615-D19684922B17}.Release|Any CPU.ActiveCfg = Release|Any CPU
		{889DB3BC-ECDE-4DBD-A615-D19684922B17}.Release|Any CPU.Build.0 = Release|Any CPU
		{E355371E-9CCD-4BAB-B9E5-243B2249EB7F}.Debug|Any CPU.ActiveCfg = Debug|Any CPU
		{E355371E-9CCD-4BAB-B9E5-243B2249EB7F}.Debug|Any CPU.Build.0 = Debug|Any CPU
		{E355371E-9CCD-4BAB-B9E5-243B2249EB7F}.Release|Any CPU.ActiveCfg = Release|Any CPU
		{E355371E-9CCD-4BAB-B9E5-243B2249EB7F}.Release|Any CPU.Build.0 = Release|Any CPU
		{3D2F8712-3A57-4FA9-8F55-A1C8AED9015D}.Debug|Any CPU.ActiveCfg = Debug|Any CPU
		{3D2F8712-3A57-4FA9-8F55-A1C8AED9015D}.Debug|Any CPU.Build.0 = Debug|Any CPU
		{3D2F8712-3A57-4FA9-8F55-A1C8AED9015D}.Release|Any CPU.ActiveCfg = Release|Any CPU
		{3D2F8712-3A57-4FA9-8F55-A1C8AED9015D}.Release|Any CPU.Build.0 = Release|Any CPU
		{C8E5DF45-AF85-410B-ABE3-0E07F76E2BFD}.Debug|Any CPU.ActiveCfg = Debug|Any CPU
		{C8E5DF45-AF85-410B-ABE3-0E07F76E2BFD}.Debug|Any CPU.Build.0 = Debug|Any CPU
		{C8E5DF45-AF85-410B-ABE3-0E07F76E2BFD}.Release|Any CPU.ActiveCfg = Release|Any CPU
		{C8E5DF45-AF85-410B-ABE3-0E07F76E2BFD}.Release|Any CPU.Build.0 = Release|Any CPU
		{6A68EB00-69BA-4396-927E-2A3C181D86B2}.Debug|Any CPU.ActiveCfg = Debug|Any CPU
		{6A68EB00-69BA-4396-927E-2A3C181D86B2}.Debug|Any CPU.Build.0 = Debug|Any CPU
		{6A68EB00-69BA-4396-927E-2A3C181D86B2}.Release|Any CPU.ActiveCfg = Release|Any CPU
		{6A68EB00-69BA-4396-927E-2A3C181D86B2}.Release|Any CPU.Build.0 = Release|Any CPU
		{6AD3AC98-6B4E-4755-8D9C-F33FB3B2935A}.Debug|Any CPU.ActiveCfg = Debug|Any CPU
		{6AD3AC98-6B4E-4755-8D9C-F33FB3B2935A}.Debug|Any CPU.Build.0 = Debug|Any CPU
		{6AD3AC98-6B4E-4755-8D9C-F33FB3B2935A}.Release|Any CPU.ActiveCfg = Release|Any CPU
		{6AD3AC98-6B4E-4755-8D9C-F33FB3B2935A}.Release|Any CPU.Build.0 = Release|Any CPU
		{09F10C88-D757-44C4-AFA2-15D38D10CA92}.Debug|Any CPU.ActiveCfg = Debug|Any CPU
		{09F10C88-D757-44C4-AFA2-15D38D10CA92}.Debug|Any CPU.Build.0 = Debug|Any CPU
		{09F10C88-D757-44C4-AFA2-15D38D10CA92}.Release|Any CPU.ActiveCfg = Release|Any CPU
		{09F10C88-D757-44C4-AFA2-15D38D10CA92}.Release|Any CPU.Build.0 = Release|Any CPU
		{CF8ACAF3-A00E-4552-94CC-23DDEAF198C0}.Debug|Any CPU.ActiveCfg = Debug|Any CPU
		{CF8ACAF3-A00E-4552-94CC-23DDEAF198C0}.Debug|Any CPU.Build.0 = Debug|Any CPU
		{CF8ACAF3-A00E-4552-94CC-23DDEAF198C0}.Release|Any CPU.ActiveCfg = Release|Any CPU
		{CF8ACAF3-A00E-4552-94CC-23DDEAF198C0}.Release|Any CPU.Build.0 = Release|Any CPU
	EndGlobalSection
	GlobalSection(SolutionProperties) = preSolution
		HideSolutionNode = FALSE
	EndGlobalSection
	GlobalSection(NestedProjects) = preSolution
		{BD8E868D-A797-4012-9249-DD9AED1A9E66} = {4F2D82F4-B474-4CA4-A44E-E782BE1CA5A3}
		{2B66D01E-F78B-4819-9984-06A010ADB30A} = {4F2D82F4-B474-4CA4-A44E-E782BE1CA5A3}
		{4BC85907-F039-4C81-BB46-A7E398EF77F8} = {4F2D82F4-B474-4CA4-A44E-E782BE1CA5A3}
		{9B005AC6-C2E7-4CB1-BD1C-F915B81FD57A} = {4F2D82F4-B474-4CA4-A44E-E782BE1CA5A3}
		{E7AD4594-B797-4CB8-858E-1F6C1F68CF0A} = {4F2D82F4-B474-4CA4-A44E-E782BE1CA5A3}
		{E70E97C1-EC3B-4FD2-A904-113682285DD4} = {1A70B861-2294-4AF3-9DF6-86270A513224}
		{07080147-02E3-49F5-89F9-3D96E813DC20} = {1A70B861-2294-4AF3-9DF6-86270A513224}
		{4E345AAE-A0A3-47E1-A4E6-D681873AFBDC} = {1A70B861-2294-4AF3-9DF6-86270A513224}
		{790F301D-EE95-4CD7-B124-567671B4AE9F} = {1A70B861-2294-4AF3-9DF6-86270A513224}
		{B261A0E6-E13B-403C-AA29-F0D3433401B9} = {734FDDA7-6456-4045-8056-FC746185DC74}
		{15552D9F-BCDF-4100-BEC6-5C693C542B74} = {734FDDA7-6456-4045-8056-FC746185DC74}
		{E73C18A3-DEBF-4873-B702-24B2C2783943} = {F69C4579-01FB-4AD9-97FD-4D6218EBA3BA}
		{61C283B8-4C87-49D3-ADF0-DC29C33D1720} = {F69C4579-01FB-4AD9-97FD-4D6218EBA3BA}
		{1642C8E7-DF90-4F60-83E2-C9083B9B84E0} = {F69C4579-01FB-4AD9-97FD-4D6218EBA3BA}
		{3EE0FF1B-37E8-49BE-A2E8-A4CFA18A7D37} = {F69C4579-01FB-4AD9-97FD-4D6218EBA3BA}
		{8D503B76-A850-4B30-8D81-D1BC56AAAF12} = {A03CA33A-AB24-4E5E-AD1E-BC66D546D1A3}
		{92A3DF2A-28ED-4E0B-8697-1AB0F34D5A56} = {A03CA33A-AB24-4E5E-AD1E-BC66D546D1A3}
		{2623848B-C4D4-440E-8312-FA88A7140F88} = {2FC49878-0E09-4992-A84F-976EEB91DD56}
		{A4476090-4CD6-4795-8063-3BD919D9E98C} = {2FC49878-0E09-4992-A84F-976EEB91DD56}
		{CF2F7852-766E-47A7-9B45-9DB356E73048} = {2FC49878-0E09-4992-A84F-976EEB91DD56}
		{EA382A27-743E-4E50-AACB-502E2AB99163} = {2FC49878-0E09-4992-A84F-976EEB91DD56}
		{2BFACDC3-F44D-4199-8498-F5C3C4AC0335} = {F8539FBB-C0A2-4FC3-BD5D-804B3B0012DF}
		{E461C0A8-8900-485C-B520-E929BA33F712} = {F8539FBB-C0A2-4FC3-BD5D-804B3B0012DF}
		{8F736220-C9C9-440A-ADF6-AF7F97C86800} = {AECB3B5D-AD04-425B-8964-A21A66D9B828}
		{899E6843-F3E2-48DF-A0B8-F51953F5F76B} = {AECB3B5D-AD04-425B-8964-A21A66D9B828}
		{4BD3E364-88DD-46AB-90F8-4BD1A26E16AF} = {AECB3B5D-AD04-425B-8964-A21A66D9B828}
		{5F0006ED-D3BF-4B4E-93D8-A5F041FFF99F} = {F6F111FB-88EE-4CDD-9BFC-ADFED7AB9373}
		{F081FB93-8112-4F11-971D-29A39D242091} = {F6F111FB-88EE-4CDD-9BFC-ADFED7AB9373}
		{90BD8816-8081-4C25-8AF5-C47917FE573E} = {F6F111FB-88EE-4CDD-9BFC-ADFED7AB9373}
		{670FC898-BAB7-493D-A7D7-0CF2F8C6DEDC} = {F6F111FB-88EE-4CDD-9BFC-ADFED7AB9373}
		{9253D131-8AC6-4A13-B528-AAA8193F3004} = {5D47225A-2829-4F8D-BD15-37021B3E39FC}
		{889DB3BC-ECDE-4DBD-A615-D19684922B17} = {B1020933-8059-47AE-810B-B2111FEAF960}
		{E355371E-9CCD-4BAB-B9E5-243B2249EB7F} = {C7F55B9A-7BE2-49F4-89F7-8D8FEB6B487F}
		{57AB8362-A88A-4F6C-8053-5BCAE02063E2} = {C7F55B9A-7BE2-49F4-89F7-8D8FEB6B487F}
		{3D2F8712-3A57-4FA9-8F55-A1C8AED9015D} = {57AB8362-A88A-4F6C-8053-5BCAE02063E2}
		{C8E5DF45-AF85-410B-ABE3-0E07F76E2BFD} = {57AB8362-A88A-4F6C-8053-5BCAE02063E2}
		{6A68EB00-69BA-4396-927E-2A3C181D86B2} = {C7F55B9A-7BE2-49F4-89F7-8D8FEB6B487F}
		{34C2A499-A053-4F90-8E08-DEA0582E6751} = {C7F55B9A-7BE2-49F4-89F7-8D8FEB6B487F}
		{6AD3AC98-6B4E-4755-8D9C-F33FB3B2935A} = {34C2A499-A053-4F90-8E08-DEA0582E6751}
		{09F10C88-D757-44C4-AFA2-15D38D10CA92} = {3573626A-E838-404A-85C5-063562B2E277}
		{CF8ACAF3-A00E-4552-94CC-23DDEAF198C0} = {3573626A-E838-404A-85C5-063562B2E277}
	EndGlobalSection
	GlobalSection(ExtensibilityGlobals) = postSolution
		SolutionGuid = {294394A0-9597-43FB-862D-69D5756BFAE6}
	EndGlobalSection
EndGlobal
